
Microsoft Visual Studio Solution File, Format Version 12.00
# Visual Studio Version 17
VisualStudioVersion = 17.4.33122.133
MinimumVisualStudioVersion = 10.0.40219.1
Project("{9A19103F-16F7-4668-BE54-9A1E7A4F7556}") = "Bastion", "Bastion.csproj", "{8A33A3C1-444C-442F-83A7-8362E6CB26F1}"
EndProject
Project("{9A19103F-16F7-4668-BE54-9A1E7A4F7556}") = "Bastion.Tests", "..\Bastion.Tests\Bastion.Tests.csproj", "{B4D4F747-E59C-49EC-B851-BE6E93750CE3}"
EndProject
Global
	GlobalSection(SolutionConfigurationPlatforms) = preSolution
		Debug|Any CPU = Debug|Any CPU
		Release|Any CPU = Release|Any CPU
	EndGlobalSection
	GlobalSection(ProjectConfigurationPlatforms) = postSolution
		{8A33A3C1-444C-442F-83A7-8362E6CB26F1}.Debug|Any CPU.ActiveCfg = Debug|Any CPU
		{8A33A3C1-444C-442F-83A7-8362E6CB26F1}.Debug|Any CPU.Build.0 = Debug|Any CPU
		{8A33A3C1-444C-442F-83A7-8362E6CB26F1}.Release|Any CPU.ActiveCfg = Release|Any CPU
		{8A33A3C1-444C-442F-83A7-8362E6CB26F1}.Release|Any CPU.Build.0 = Release|Any CPU
		{B4D4F747-E59C-49EC-B851-BE6E93750CE3}.Debug|Any CPU.ActiveCfg = Debug|Any CPU
		{B4D4F747-E59C-49EC-B851-BE6E93750CE3}.Debug|Any CPU.Build.0 = Debug|Any CPU
		{B4D4F747-E59C-49EC-B851-BE6E93750CE3}.Release|Any CPU.ActiveCfg = Release|Any CPU
		{B4D4F747-E59C-49EC-B851-BE6E93750CE3}.Release|Any CPU.Build.0 = Release|Any CPU
	EndGlobalSection
	GlobalSection(SolutionProperties) = preSolution
		HideSolutionNode = FALSE
	EndGlobalSection
	GlobalSection(ExtensibilityGlobals) = postSolution
		SolutionGuid = {7636C58A-6EE5-4AF2-ACA2-6C481A274A81}
	EndGlobalSection
EndGlobal
