
Microsoft Visual Studio Solution File, Format Version 12.00
# Visual Studio Version 17
VisualStudioVersion = 17.4.33122.133
MinimumVisualStudioVersion = 10.0.40219.1
Project("{FAE04EC0-301F-11D3-BF4B-00C04F79EFBC}") = "Bastion.Tests", "Bastion.Tests.csproj", "{A8AC47CF-0005-40A7-9557-EB395F9C502E}"
EndProject
Global
	GlobalSection(SolutionConfigurationPlatforms) = preSolution
		Debug|Any CPU = Debug|Any CPU
		Release|Any CPU = Release|Any CPU
	EndGlobalSection
	GlobalSection(ProjectConfigurationPlatforms) = postSolution
		{A8AC47CF-0005-40A7-9557-EB395F9C502E}.Debug|Any CPU.ActiveCfg = Debug|Any CPU
		{A8AC47CF-0005-40A7-9557-EB395F9C502E}.Debug|Any CPU.Build.0 = Debug|Any CPU
		{A8AC47CF-0005-40A7-9557-EB395F9C502E}.Release|Any CPU.ActiveCfg = Release|Any CPU
		{A8AC47CF-0005-40A7-9557-EB395F9C502E}.Release|Any CPU.Build.0 = Release|Any CPU
	EndGlobalSection
	GlobalSection(SolutionProperties) = preSolution
		HideSolutionNode = FALSE
	EndGlobalSection
	GlobalSection(ExtensibilityGlobals) = postSolution
		SolutionGuid = {C7EC9E02-3AF5-4528-A1F1-BA0AB9BBC325}
	EndGlobalSection
EndGlobal
